
Microsoft Visual Studio Solution File, Format Version 12.00
# Visual Studio Version 17
VisualStudioVersion = 17.0.31903.59
MinimumVisualStudioVersion = 10.0.40219.1
Project("{FAE04EC0-301F-11D3-BF4B-00C04F79EFBC}") = "paymentAPI", "paymentAPI\paymentAPI.csproj", "{9E9ECA4F-DB63-49ED-A179-6B27BC5FFEBC}"
EndProject
Global
	GlobalSection(SolutionConfigurationPlatforms) = preSolution
		Debug|Any CPU = Debug|Any CPU
		Release|Any CPU = Release|Any CPU
	EndGlobalSection
	GlobalSection(SolutionProperties) = preSolution
		HideSolutionNode = FALSE
	EndGlobalSection
	GlobalSection(ProjectConfigurationPlatforms) = postSolution
		{9E9ECA4F-DB63-49ED-A179-6B27BC5FFEBC}.Debug|Any CPU.ActiveCfg = Debug|Any CPU
		{9E9ECA4F-DB63-49ED-A179-6B27BC5FFEBC}.Debug|Any CPU.Build.0 = Debug|Any CPU
		{9E9ECA4F-DB63-49ED-A179-6B27BC5FFEBC}.Release|Any CPU.ActiveCfg = Release|Any CPU
		{9E9ECA4F-DB63-49ED-A179-6B27BC5FFEBC}.Release|Any CPU.Build.0 = Release|Any CPU
	EndGlobalSection
EndGlobal
